
Microsoft Visual Studio Solution File, Format Version 12.00
# Visual Studio 15
Project("{FAE04EC0-301F-11D3-BF4B-00C04F79EFBC}") = "Assembly-CSharp", "Assembly-CSharp.csproj", "{22679498-7190-0DC4-D86D-3C950202D787}"
EndProject
Project("{FAE04EC0-301F-11D3-BF4B-00C04F79EFBC}") = "Assembly-CSharp-Editor", "Assembly-CSharp-Editor.csproj", "{787405A0-1D96-F54C-C471-77FBAB0C7DEC}"
EndProject
Global
	GlobalSection(SolutionConfigurationPlatforms) = preSolution
		Debug|Any CPU = Debug|Any CPU
		Release|Any CPU = Release|Any CPU
	EndGlobalSection
	GlobalSection(ProjectConfigurationPlatforms) = postSolution
		{22679498-7190-0DC4-D86D-3C950202D787}.Debug|Any CPU.ActiveCfg = Debug|Any CPU
		{22679498-7190-0DC4-D86D-3C950202D787}.Debug|Any CPU.Build.0 = Debug|Any CPU
		{22679498-7190-0DC4-D86D-3C950202D787}.Release|Any CPU.ActiveCfg = Release|Any CPU
		{22679498-7190-0DC4-D86D-3C950202D787}.Release|Any CPU.Build.0 = Release|Any CPU
		{787405A0-1D96-F54C-C471-77FBAB0C7DEC}.Debug|Any CPU.ActiveCfg = Debug|Any CPU
		{787405A0-1D96-F54C-C471-77FBAB0C7DEC}.Debug|Any CPU.Build.0 = Debug|Any CPU
		{787405A0-1D96-F54C-C471-77FBAB0C7DEC}.Release|Any CPU.ActiveCfg = Release|Any CPU
		{787405A0-1D96-F54C-C471-77FBAB0C7DEC}.Release|Any CPU.Build.0 = Release|Any CPU
	EndGlobalSection
	GlobalSection(SolutionProperties) = preSolution
		HideSolutionNode = FALSE
	EndGlobalSection
EndGlobal
