
Microsoft Visual Studio Solution File, Format Version 12.00
# Visual Studio 15
Project("{FAE04EC0-301F-11D3-BF4B-00C04F79EFBC}") = "Assembly-CSharp", "Assembly-CSharp.csproj", "{34FBF581-BE8C-D245-5B1C-6D0152E09C46}"
EndProject
Project("{FAE04EC0-301F-11D3-BF4B-00C04F79EFBC}") = "Assembly-CSharp-Editor", "Assembly-CSharp-Editor.csproj", "{76EFA233-6B39-CDC5-DB6D-784A34A21E41}"
EndProject
Global
	GlobalSection(SolutionConfigurationPlatforms) = preSolution
		Debug|Any CPU = Debug|Any CPU
		Release|Any CPU = Release|Any CPU
	EndGlobalSection
	GlobalSection(ProjectConfigurationPlatforms) = postSolution
		{34FBF581-BE8C-D245-5B1C-6D0152E09C46}.Debug|Any CPU.ActiveCfg = Debug|Any CPU
		{34FBF581-BE8C-D245-5B1C-6D0152E09C46}.Debug|Any CPU.Build.0 = Debug|Any CPU
		{34FBF581-BE8C-D245-5B1C-6D0152E09C46}.Release|Any CPU.ActiveCfg = Release|Any CPU
		{34FBF581-BE8C-D245-5B1C-6D0152E09C46}.Release|Any CPU.Build.0 = Release|Any CPU
		{76EFA233-6B39-CDC5-DB6D-784A34A21E41}.Debug|Any CPU.ActiveCfg = Debug|Any CPU
		{76EFA233-6B39-CDC5-DB6D-784A34A21E41}.Debug|Any CPU.Build.0 = Debug|Any CPU
		{76EFA233-6B39-CDC5-DB6D-784A34A21E41}.Release|Any CPU.ActiveCfg = Release|Any CPU
		{76EFA233-6B39-CDC5-DB6D-784A34A21E41}.Release|Any CPU.Build.0 = Release|Any CPU
	EndGlobalSection
	GlobalSection(SolutionProperties) = preSolution
		HideSolutionNode = FALSE
	EndGlobalSection
EndGlobal
